
Microsoft Visual Studio Solution File, Format Version 12.00
# Visual Studio 15
VisualStudioVersion = 15.0.26228.9
MinimumVisualStudioVersion = 10.0.40219.1
Project("{FAE04EC0-301F-11D3-BF4B-00C04F79EFBC}") = "FivesTests", "FivesTests\FivesTests.csproj", "{B8A1FDC4-BC86-4879-90D2-47A28D346F16}"
EndProject
Project("{9A19103F-16F7-4668-BE54-9A1E7A4F7556}") = "Fives", "Fives\Fives.csproj", "{AC2EF2FE-51D4-43BF-AA0E-7F6DC83FAB82}"
EndProject
Global
	GlobalSection(SolutionConfigurationPlatforms) = preSolution
		Debug|Any CPU = Debug|Any CPU
		Release|Any CPU = Release|Any CPU
	EndGlobalSection
	GlobalSection(ProjectConfigurationPlatforms) = postSolution
		{B8A1FDC4-BC86-4879-90D2-47A28D346F16}.Debug|Any CPU.ActiveCfg = Debug|Any CPU
		{B8A1FDC4-BC86-4879-90D2-47A28D346F16}.Debug|Any CPU.Build.0 = Debug|Any CPU
		{B8A1FDC4-BC86-4879-90D2-47A28D346F16}.Release|Any CPU.ActiveCfg = Release|Any CPU
		{B8A1FDC4-BC86-4879-90D2-47A28D346F16}.Release|Any CPU.Build.0 = Release|Any CPU
		{AC2EF2FE-51D4-43BF-AA0E-7F6DC83FAB82}.Debug|Any CPU.ActiveCfg = Debug|Any CPU
		{AC2EF2FE-51D4-43BF-AA0E-7F6DC83FAB82}.Debug|Any CPU.Build.0 = Debug|Any CPU
		{AC2EF2FE-51D4-43BF-AA0E-7F6DC83FAB82}.Release|Any CPU.ActiveCfg = Release|Any CPU
		{AC2EF2FE-51D4-43BF-AA0E-7F6DC83FAB82}.Release|Any CPU.Build.0 = Release|Any CPU
	EndGlobalSection
	GlobalSection(SolutionProperties) = preSolution
		HideSolutionNode = FALSE
	EndGlobalSection
EndGlobal
